
Microsoft Visual Studio Solution File, Format Version 12.00
# Visual Studio Version 17
VisualStudioVersion = 17.11.35222.181
MinimumVisualStudioVersion = 10.0.40219.1
Project("{FAE04EC0-301F-11D3-BF4B-00C04F79EFBC}") = "ReconhecimentoLetras", "ReconhecimentoLetras.csproj", "{270FD20E-5D8B-4D45-B388-4307666CEB8C}"
EndProject
Global
	GlobalSection(SolutionConfigurationPlatforms) = preSolution
		Debug|Any CPU = Debug|Any CPU
		Release|Any CPU = Release|Any CPU
	EndGlobalSection
	GlobalSection(ProjectConfigurationPlatforms) = postSolution
		{270FD20E-5D8B-4D45-B388-4307666CEB8C}.Debug|Any CPU.ActiveCfg = Debug|Any CPU
		{270FD20E-5D8B-4D45-B388-4307666CEB8C}.Debug|Any CPU.Build.0 = Debug|Any CPU
		{270FD20E-5D8B-4D45-B388-4307666CEB8C}.Release|Any CPU.ActiveCfg = Release|Any CPU
		{270FD20E-5D8B-4D45-B388-4307666CEB8C}.Release|Any CPU.Build.0 = Release|Any CPU
	EndGlobalSection
	GlobalSection(SolutionProperties) = preSolution
		HideSolutionNode = FALSE
	EndGlobalSection
	GlobalSection(ExtensibilityGlobals) = postSolution
		SolutionGuid = {5A7667C7-8247-41BC-AE59-E5F1947B0A80}
	EndGlobalSection
EndGlobal
